
Microsoft Visual Studio Solution File, Format Version 12.00
# Visual Studio 15
VisualStudioVersion = 15.0.26403.7
MinimumVisualStudioVersion = 10.0.40219.1
Project("{FAE04EC0-301F-11D3-BF4B-00C04F79EFBC}") = "HttpFallback.AspNet", "HttpFallback.AspNet\HttpFallback.AspNet.csproj", "{A1AC1CE9-961F-4C9C-BDA7-866EC1B49046}"
EndProject
Project("{FAE04EC0-301F-11D3-BF4B-00C04F79EFBC}") = "HttpFallback.Owin", "HttpFallback.Owin\HttpFallback.Owin.csproj", "{610E4D58-C66A-4E47-A787-F4815BE5D771}"
EndProject
Global
	GlobalSection(SolutionConfigurationPlatforms) = preSolution
		Debug|Any CPU = Debug|Any CPU
		Release|Any CPU = Release|Any CPU
	EndGlobalSection
	GlobalSection(ProjectConfigurationPlatforms) = postSolution
		{A1AC1CE9-961F-4C9C-BDA7-866EC1B49046}.Debug|Any CPU.ActiveCfg = Debug|Any CPU
		{A1AC1CE9-961F-4C9C-BDA7-866EC1B49046}.Debug|Any CPU.Build.0 = Debug|Any CPU
		{A1AC1CE9-961F-4C9C-BDA7-866EC1B49046}.Release|Any CPU.ActiveCfg = Release|Any CPU
		{A1AC1CE9-961F-4C9C-BDA7-866EC1B49046}.Release|Any CPU.Build.0 = Release|Any CPU
		{610E4D58-C66A-4E47-A787-F4815BE5D771}.Debug|Any CPU.ActiveCfg = Debug|Any CPU
		{610E4D58-C66A-4E47-A787-F4815BE5D771}.Debug|Any CPU.Build.0 = Debug|Any CPU
		{610E4D58-C66A-4E47-A787-F4815BE5D771}.Release|Any CPU.ActiveCfg = Release|Any CPU
		{610E4D58-C66A-4E47-A787-F4815BE5D771}.Release|Any CPU.Build.0 = Release|Any CPU
	EndGlobalSection
	GlobalSection(SolutionProperties) = preSolution
		HideSolutionNode = FALSE
	EndGlobalSection
EndGlobal
